
Microsoft Visual Studio Solution File, Format Version 12.00
# Visual Studio Version 17
VisualStudioVersion = 17.0.31903.59
MinimumVisualStudioVersion = 10.0.40219.1
Project("{FAE04EC0-301F-11D3-BF4B-00C04F79EFBC}") = "WeatherForecast.Application", "..\src\WeatherForecast.Application\WeatherForecast.Application.csproj", "{FC6C957D-6208-41EF-953F-957AFD797E69}"
EndProject
Project("{FAE04EC0-301F-11D3-BF4B-00C04F79EFBC}") = "WeatherForecast.Infrastructure", "..\src\WeatherForecast.Infrastructure\WeatherForecast.Infrastructure.csproj", "{68589BF7-68F2-4F83-9923-26070FBFADB8}"
EndProject
Project("{FAE04EC0-301F-11D3-BF4B-00C04F79EFBC}") = "WeatherForecast.WebApi", "..\src\WeatherForecast.WebApi\WeatherForecast.WebApi.csproj", "{929B9DA1-5DA4-4FFE-BC06-5E8EDE34965C}"
EndProject
Project("{FAE04EC0-301F-11D3-BF4B-00C04F79EFBC}") = "WeatherForecast.Application.UnitTests", "WeatherForecast.Application.UnitTests\WeatherForecast.Application.UnitTests.csproj", "{D23F21AA-02B9-42FA-9AFA-7C3098092E27}"
EndProject
Project("{FAE04EC0-301F-11D3-BF4B-00C04F79EFBC}") = "WeatherForecast.Infrastructure.UnitTests", "WeatherForecast.Infrastructure.UnitTests\WeatherForecast.Infrastructure.UnitTests.csproj", "{BA0211AE-BCE5-413A-B290-FBDA99AD1D29}"
EndProject
Global
	GlobalSection(SolutionConfigurationPlatforms) = preSolution
		Debug|Any CPU = Debug|Any CPU
		Release|Any CPU = Release|Any CPU
	EndGlobalSection
	GlobalSection(SolutionProperties) = preSolution
		HideSolutionNode = FALSE
	EndGlobalSection
	GlobalSection(ProjectConfigurationPlatforms) = postSolution
		{FC6C957D-6208-41EF-953F-957AFD797E69}.Debug|Any CPU.ActiveCfg = Debug|Any CPU
		{FC6C957D-6208-41EF-953F-957AFD797E69}.Debug|Any CPU.Build.0 = Debug|Any CPU
		{FC6C957D-6208-41EF-953F-957AFD797E69}.Release|Any CPU.ActiveCfg = Release|Any CPU
		{FC6C957D-6208-41EF-953F-957AFD797E69}.Release|Any CPU.Build.0 = Release|Any CPU
		{68589BF7-68F2-4F83-9923-26070FBFADB8}.Debug|Any CPU.ActiveCfg = Debug|Any CPU
		{68589BF7-68F2-4F83-9923-26070FBFADB8}.Debug|Any CPU.Build.0 = Debug|Any CPU
		{68589BF7-68F2-4F83-9923-26070FBFADB8}.Release|Any CPU.ActiveCfg = Release|Any CPU
		{68589BF7-68F2-4F83-9923-26070FBFADB8}.Release|Any CPU.Build.0 = Release|Any CPU
		{929B9DA1-5DA4-4FFE-BC06-5E8EDE34965C}.Debug|Any CPU.ActiveCfg = Debug|Any CPU
		{929B9DA1-5DA4-4FFE-BC06-5E8EDE34965C}.Debug|Any CPU.Build.0 = Debug|Any CPU
		{929B9DA1-5DA4-4FFE-BC06-5E8EDE34965C}.Release|Any CPU.ActiveCfg = Release|Any CPU
		{929B9DA1-5DA4-4FFE-BC06-5E8EDE34965C}.Release|Any CPU.Build.0 = Release|Any CPU
		{D23F21AA-02B9-42FA-9AFA-7C3098092E27}.Debug|Any CPU.ActiveCfg = Debug|Any CPU
		{D23F21AA-02B9-42FA-9AFA-7C3098092E27}.Debug|Any CPU.Build.0 = Debug|Any CPU
		{D23F21AA-02B9-42FA-9AFA-7C3098092E27}.Release|Any CPU.ActiveCfg = Release|Any CPU
		{D23F21AA-02B9-42FA-9AFA-7C3098092E27}.Release|Any CPU.Build.0 = Release|Any CPU
		{BA0211AE-BCE5-413A-B290-FBDA99AD1D29}.Debug|Any CPU.ActiveCfg = Debug|Any CPU
		{BA0211AE-BCE5-413A-B290-FBDA99AD1D29}.Debug|Any CPU.Build.0 = Debug|Any CPU
		{BA0211AE-BCE5-413A-B290-FBDA99AD1D29}.Release|Any CPU.ActiveCfg = Release|Any CPU
		{BA0211AE-BCE5-413A-B290-FBDA99AD1D29}.Release|Any CPU.Build.0 = Release|Any CPU
	EndGlobalSection
EndGlobal
